
Microsoft Visual Studio Solution File, Format Version 12.00
# Visual Studio 15
VisualStudioVersion = 15.0.28010.2050
MinimumVisualStudioVersion = 10.0.40219.1
Project("{FAE04EC0-301F-11D3-BF4B-00C04F79EFBC}") = "1SquareRoot", "1SquareRoot\1SquareRoot.csproj", "{66A48B05-FF90-45BA-8689-4EA7BC75321E}"
EndProject
Project("{FAE04EC0-301F-11D3-BF4B-00C04F79EFBC}") = "2EnterNumbers", "2EnterNumbers\2EnterNumbers.csproj", "{5B0735C5-6DF4-4404-9FA4-C695CED6C03B}"
EndProject
Project("{FAE04EC0-301F-11D3-BF4B-00C04F79EFBC}") = "3Fixing", "3Fixing\3Fixing.csproj", "{15E3B59A-81A7-4FE8-BBBF-E11E36CA1510}"
EndProject
Project("{FAE04EC0-301F-11D3-BF4B-00C04F79EFBC}") = "4FixingVol2", "4FixingVol2\4FixingVol2.csproj", "{782A7AF6-39E9-48C2-89B8-3B186334B223}"
EndProject
Project("{FAE04EC0-301F-11D3-BF4B-00C04F79EFBC}") = "5ConvertToDouble", "5ConvertToDouble\5ConvertToDouble.csproj", "{4541516E-03B5-49B2-8A3A-494DEA68FDE5}"
EndProject
Project("{FAE04EC0-301F-11D3-BF4B-00C04F79EFBC}") = "6ValidPerson", "6ValidPerson\6ValidPerson.csproj", "{D921B879-46AC-44B4-A4E1-7AEC3E36EF14}"
EndProject
Project("{FAE04EC0-301F-11D3-BF4B-00C04F79EFBC}") = "7CustomException", "7CustomException\7CustomException.csproj", "{6370F583-6A5D-478D-AD23-3C1A7ADFC0BD}"
EndProject
Global
	GlobalSection(SolutionConfigurationPlatforms) = preSolution
		Debug|Any CPU = Debug|Any CPU
		Release|Any CPU = Release|Any CPU
	EndGlobalSection
	GlobalSection(ProjectConfigurationPlatforms) = postSolution
		{66A48B05-FF90-45BA-8689-4EA7BC75321E}.Debug|Any CPU.ActiveCfg = Debug|Any CPU
		{66A48B05-FF90-45BA-8689-4EA7BC75321E}.Debug|Any CPU.Build.0 = Debug|Any CPU
		{66A48B05-FF90-45BA-8689-4EA7BC75321E}.Release|Any CPU.ActiveCfg = Release|Any CPU
		{66A48B05-FF90-45BA-8689-4EA7BC75321E}.Release|Any CPU.Build.0 = Release|Any CPU
		{5B0735C5-6DF4-4404-9FA4-C695CED6C03B}.Debug|Any CPU.ActiveCfg = Debug|Any CPU
		{5B0735C5-6DF4-4404-9FA4-C695CED6C03B}.Debug|Any CPU.Build.0 = Debug|Any CPU
		{5B0735C5-6DF4-4404-9FA4-C695CED6C03B}.Release|Any CPU.ActiveCfg = Release|Any CPU
		{5B0735C5-6DF4-4404-9FA4-C695CED6C03B}.Release|Any CPU.Build.0 = Release|Any CPU
		{15E3B59A-81A7-4FE8-BBBF-E11E36CA1510}.Debug|Any CPU.ActiveCfg = Debug|Any CPU
		{15E3B59A-81A7-4FE8-BBBF-E11E36CA1510}.Debug|Any CPU.Build.0 = Debug|Any CPU
		{15E3B59A-81A7-4FE8-BBBF-E11E36CA1510}.Release|Any CPU.ActiveCfg = Release|Any CPU
		{15E3B59A-81A7-4FE8-BBBF-E11E36CA1510}.Release|Any CPU.Build.0 = Release|Any CPU
		{782A7AF6-39E9-48C2-89B8-3B186334B223}.Debug|Any CPU.ActiveCfg = Debug|Any CPU
		{782A7AF6-39E9-48C2-89B8-3B186334B223}.Debug|Any CPU.Build.0 = Debug|Any CPU
		{782A7AF6-39E9-48C2-89B8-3B186334B223}.Release|Any CPU.ActiveCfg = Release|Any CPU
		{782A7AF6-39E9-48C2-89B8-3B186334B223}.Release|Any CPU.Build.0 = Release|Any CPU
		{4541516E-03B5-49B2-8A3A-494DEA68FDE5}.Debug|Any CPU.ActiveCfg = Debug|Any CPU
		{4541516E-03B5-49B2-8A3A-494DEA68FDE5}.Debug|Any CPU.Build.0 = Debug|Any CPU
		{4541516E-03B5-49B2-8A3A-494DEA68FDE5}.Release|Any CPU.ActiveCfg = Release|Any CPU
		{4541516E-03B5-49B2-8A3A-494DEA68FDE5}.Release|Any CPU.Build.0 = Release|Any CPU
		{D921B879-46AC-44B4-A4E1-7AEC3E36EF14}.Debug|Any CPU.ActiveCfg = Debug|Any CPU
		{D921B879-46AC-44B4-A4E1-7AEC3E36EF14}.Debug|Any CPU.Build.0 = Debug|Any CPU
		{D921B879-46AC-44B4-A4E1-7AEC3E36EF14}.Release|Any CPU.ActiveCfg = Release|Any CPU
		{D921B879-46AC-44B4-A4E1-7AEC3E36EF14}.Release|Any CPU.Build.0 = Release|Any CPU
		{6370F583-6A5D-478D-AD23-3C1A7ADFC0BD}.Debug|Any CPU.ActiveCfg = Debug|Any CPU
		{6370F583-6A5D-478D-AD23-3C1A7ADFC0BD}.Debug|Any CPU.Build.0 = Debug|Any CPU
		{6370F583-6A5D-478D-AD23-3C1A7ADFC0BD}.Release|Any CPU.ActiveCfg = Release|Any CPU
		{6370F583-6A5D-478D-AD23-3C1A7ADFC0BD}.Release|Any CPU.Build.0 = Release|Any CPU
	EndGlobalSection
	GlobalSection(SolutionProperties) = preSolution
		HideSolutionNode = FALSE
	EndGlobalSection
	GlobalSection(ExtensibilityGlobals) = postSolution
		SolutionGuid = {AE6EDB9E-BB0E-42D4-B240-CCDC86D6318A}
	EndGlobalSection
EndGlobal
