
Microsoft Visual Studio Solution File, Format Version 12.00
# Visual Studio 15
VisualStudioVersion = 15.0.28010.2026
MinimumVisualStudioVersion = 10.0.40219.1
Project("{9A19103F-16F7-4668-BE54-9A1E7A4F7556}") = "1BankAccount", "1BankAccount\1BankAccount.csproj", "{8CF5184F-84CA-4E56-9B0E-7C03D98E1D27}"
EndProject
Project("{FAE04EC0-301F-11D3-BF4B-00C04F79EFBC}") = "2BankAccountMethods", "2BankAccountMethods\2BankAccountMethods.csproj", "{DCF9E563-4CC7-4041-92A1-8303080D0E83}"
EndProject
Project("{FAE04EC0-301F-11D3-BF4B-00C04F79EFBC}") = "3TestClient", "3TestClient\3TestClient.csproj", "{D2E92DC2-7AAA-4DE7-AE4D-A1FA88C11B8E}"
EndProject
Project("{FAE04EC0-301F-11D3-BF4B-00C04F79EFBC}") = "4PersonClass", "4PersonClass\4PersonClass.csproj", "{28AE2CEB-9E53-4555-A3C7-0CE71C3A5E66}"
EndProject
Global
	GlobalSection(SolutionConfigurationPlatforms) = preSolution
		Debug|Any CPU = Debug|Any CPU
		Release|Any CPU = Release|Any CPU
	EndGlobalSection
	GlobalSection(ProjectConfigurationPlatforms) = postSolution
		{8CF5184F-84CA-4E56-9B0E-7C03D98E1D27}.Debug|Any CPU.ActiveCfg = Debug|Any CPU
		{8CF5184F-84CA-4E56-9B0E-7C03D98E1D27}.Debug|Any CPU.Build.0 = Debug|Any CPU
		{8CF5184F-84CA-4E56-9B0E-7C03D98E1D27}.Release|Any CPU.ActiveCfg = Release|Any CPU
		{8CF5184F-84CA-4E56-9B0E-7C03D98E1D27}.Release|Any CPU.Build.0 = Release|Any CPU
		{DCF9E563-4CC7-4041-92A1-8303080D0E83}.Debug|Any CPU.ActiveCfg = Debug|Any CPU
		{DCF9E563-4CC7-4041-92A1-8303080D0E83}.Debug|Any CPU.Build.0 = Debug|Any CPU
		{DCF9E563-4CC7-4041-92A1-8303080D0E83}.Release|Any CPU.ActiveCfg = Release|Any CPU
		{DCF9E563-4CC7-4041-92A1-8303080D0E83}.Release|Any CPU.Build.0 = Release|Any CPU
		{D2E92DC2-7AAA-4DE7-AE4D-A1FA88C11B8E}.Debug|Any CPU.ActiveCfg = Debug|Any CPU
		{D2E92DC2-7AAA-4DE7-AE4D-A1FA88C11B8E}.Debug|Any CPU.Build.0 = Debug|Any CPU
		{D2E92DC2-7AAA-4DE7-AE4D-A1FA88C11B8E}.Release|Any CPU.ActiveCfg = Release|Any CPU
		{D2E92DC2-7AAA-4DE7-AE4D-A1FA88C11B8E}.Release|Any CPU.Build.0 = Release|Any CPU
		{28AE2CEB-9E53-4555-A3C7-0CE71C3A5E66}.Debug|Any CPU.ActiveCfg = Debug|Any CPU
		{28AE2CEB-9E53-4555-A3C7-0CE71C3A5E66}.Debug|Any CPU.Build.0 = Debug|Any CPU
		{28AE2CEB-9E53-4555-A3C7-0CE71C3A5E66}.Release|Any CPU.ActiveCfg = Release|Any CPU
		{28AE2CEB-9E53-4555-A3C7-0CE71C3A5E66}.Release|Any CPU.Build.0 = Release|Any CPU
	EndGlobalSection
	GlobalSection(SolutionProperties) = preSolution
		HideSolutionNode = FALSE
	EndGlobalSection
	GlobalSection(ExtensibilityGlobals) = postSolution
		SolutionGuid = {7513DAC5-062A-4EBE-9B55-65AAA46EDA11}
	EndGlobalSection
EndGlobal
